PODS:
  - CocoaPods-ObjC (0.39.0):
    - DSUnixTask (~> 0.1.0)
    - YAML-Framework
  - DSUnixTask (0.1.1):
    - DSUnixTask/Core (= 0.1.1)
    - DSUnixTask/XPCClient (= 0.1.1)
    - DSUnixTask/XPCService (= 0.1.1)
  - DSUnixTask/Core (0.1.1):
    - DSUnixTask/Core/TaskManagers (= 0.1.1)
    - DSUnixTask/Core/TaskRunner (= 0.1.1)
    - DSUnixTask/Core/Tasks (= 0.1.1)
  - DSUnixTask/Core/TaskManagers (0.1.1)
  - DSUnixTask/Core/TaskRunner (0.1.1)
  - DSUnixTask/Core/Tasks (0.1.1)
  - DSUnixTask/XPCClient (0.1.1):
    - DSUnixTask/Core
  - DSUnixTask/XPCService (0.1.1):
    - DSUnixTask/Core/TaskRunner
  - Expecta (1.0.5)
  - KGNoise (1.2.1)
  - LibYAML (0.1.4)
  - NSString+Ruby (1.1)
  - ObjectiveSugar (1.1.0)
  - OCHamcrest (4.3.0)
  - OCMockito (2.0.1):
    - OCHamcrest (~> 4.0)
  - REKit (1.0.2)
  - Specta (1.0.5)
  - TransformerKit (0.5.4):
    - TransformerKit/Core (= 0.5.4)
    - TransformerKit/Cryptography (= 0.5.4)
    - TransformerKit/Data (= 0.5.4)
    - TransformerKit/Date (= 0.5.4)
    - TransformerKit/Image (= 0.5.4)
    - TransformerKit/JSON (= 0.5.4)
    - TransformerKit/String (= 0.5.4)
  - TransformerKit/Core (0.5.4)
  - TransformerKit/Cryptography (0.5.4):
    - TransformerKit/Core
  - TransformerKit/Data (0.5.4):
    - TransformerKit/Core
  - TransformerKit/Date (0.5.4):
    - TransformerKit/Core
  - TransformerKit/Image (0.5.4):
    - TransformerKit/Core
  - TransformerKit/JSON (0.5.4):
    - TransformerKit/Core
  - TransformerKit/String (0.5.4):
    - TransformerKit/Core
  - YAML-Framework (0.0.2):
    - LibYAML (~> 0.1.4)

DEPENDENCIES:
  - CocoaPods-ObjC (from `../`)
  - Expecta
  - KGNoise
  - NSString+Ruby
  - ObjectiveSugar
  - OCMockito
  - REKit
  - Specta
  - TransformerKit

EXTERNAL SOURCES:
  CocoaPods-ObjC:
    :path: "../"

SPEC CHECKSUMS:
  CocoaPods-ObjC: 77262a2c7779db52b7d17dd4e4fe4baadf72466e
  DSUnixTask: 44a0f06b704797041a92c6d4eab311f2adfb0255
  Expecta: e1c022fcd33910b6be89c291d2775b3fe27a89fe
  KGNoise: 1d0ffaf4c28976f6364b402182a777f2629af551
  LibYAML: 3af2c5adf3a40dff936d087aa6a77edc10036bc5
  NSString+Ruby: e68b2d9408107888f3d82436b0d1cd24c66c4b5b
  ObjectiveSugar: a6a25f23d657c19df0a0b972466d5b5ca9f5295c
  OCHamcrest: cd63d27f48a266d4412c0b295b01b8f0940efa81
  OCMockito: f92ad4c6fac2841a88558879cfe517c40aebf91e
  REKit: bca89038a0d494124fd8090b2dab480f00a72e1d
  Specta: ac94d110b865115fe60ff2c6d7281053c6f8e8a2
  TransformerKit: 0a235de1030a23d47c86706c0316b4a0c7105d73
  YAML-Framework: 6fe698e19d39d778829f5937e39d1e6bc12afd7b

COCOAPODS: 0.39.0
