// !$*UTF8*$!
{
	archiveVersion = 1;
	classes = {
	};
	objectVersion = 46;
	objects = {

/* Begin PBXBuildFile section */
		6CCF7EBB949548918C0BFFA8 /* libPods-Tests.a in Frameworks */ = {isa = PBXBuildFile; fileRef = 6E94770A622345658FD90068 /* libPods-Tests.a */; };
		DAC38F23E6C84961AC983409 /* libPods-Demo.a in Frameworks */ = {isa = PBXBuildFile; fileRef = DC3FAED942FB46C9B89CAEBF /* libPods-Demo.a */; };
		E5BD228616E9FAEF00EAAEB7 /* Cocoa.framework in Frameworks */ = {isa = PBXBuildFile; fileRef = E5BD228516E9FAEF00EAAEB7 /* Cocoa.framework */; };
		E5BD229016E9FAEF00EAAEB7 /* InfoPlist.strings in Resources */ = {isa = PBXBuildFile; fileRef = E5BD228E16E9FAEF00EAAEB7 /* InfoPlist.strings */; };
		E5BD229216E9FAEF00EAAEB7 /* main.m in Sources */ = {isa = PBXBuildFile; fileRef = E5BD229116E9FAEF00EAAEB7 /* main.m */; };
		E5BD229916E9FAEF00EAAEB7 /* CPAppDelegate.m in Sources */ = {isa = PBXBuildFile; fileRef = E5BD229816E9FAEF00EAAEB7 /* CPAppDelegate.m */; };
		E5BD229C16E9FAEF00EAAEB7 /* MainMenu.xib in Resources */ = {isa = PBXBuildFile; fileRef = E5BD229A16E9FAEF00EAAEB7 /* MainMenu.xib */; };
		E5BD22A416E9FAEF00EAAEB7 /* SenTestingKit.framework in Frameworks */ = {isa = PBXBuildFile; fileRef = E5BD22A316E9FAEF00EAAEB7 /* SenTestingKit.framework */; };
		E5BD22A516E9FAEF00EAAEB7 /* Cocoa.framework in Frameworks */ = {isa = PBXBuildFile; fileRef = E5BD228516E9FAEF00EAAEB7 /* Cocoa.framework */; };
		E5BD22DF16E9FCC500EAAEB7 /* CPPodfileTest.m in Sources */ = {isa = PBXBuildFile; fileRef = E5BD22D116E9FCC500EAAEB7 /* CPPodfileTest.m */; };
		E5BD22E016E9FCC500EAAEB7 /* CPSetTests.m in Sources */ = {isa = PBXBuildFile; fileRef = E5BD22D216E9FCC500EAAEB7 /* CPSetTests.m */; };
		E5BD22E116E9FCC500EAAEB7 /* CPSpecificationTests.m in Sources */ = {isa = PBXBuildFile; fileRef = E5BD22D316E9FCC500EAAEB7 /* CPSpecificationTests.m */; };
		E5BD22E216E9FCC500EAAEB7 /* CPTargetDefinitionTests.m in Sources */ = {isa = PBXBuildFile; fileRef = E5BD22D416E9FCC500EAAEB7 /* CPTargetDefinitionTests.m */; };
		E5BD22E316E9FCC500EAAEB7 /* CPTestsHelper.m in Sources */ = {isa = PBXBuildFile; fileRef = E5BD22D616E9FCC500EAAEB7 /* CPTestsHelper.m */; };
		E5BD22E416E9FCC500EAAEB7 /* CPVersionTests.m in Sources */ = {isa = PBXBuildFile; fileRef = E5BD22D716E9FCC500EAAEB7 /* CPVersionTests.m */; };
		E5BD22E516E9FCC500EAAEB7 /* AFNetworking.podspec.yaml in Resources */ = {isa = PBXBuildFile; fileRef = E5BD22D916E9FCC500EAAEB7 /* AFNetworking.podspec.yaml */; };
		E5BD22E616E9FCC500EAAEB7 /* Podfile.yaml in Resources */ = {isa = PBXBuildFile; fileRef = E5BD22DA16E9FCC500EAAEB7 /* Podfile.yaml */; };
		E5BD230E16E9FCE800EAAEB7 /* CPSource.m in Sources */ = {isa = PBXBuildFile; fileRef = E5BD22EC16E9FCE800EAAEB7 /* CPSource.m */; };
		E5BD230F16E9FCE800EAAEB7 /* CPSourceAggregate.m in Sources */ = {isa = PBXBuildFile; fileRef = E5BD22EE16E9FCE800EAAEB7 /* CPSourceAggregate.m */; };
		E5BD231016E9FCE800EAAEB7 /* CPConfig.m in Sources */ = {isa = PBXBuildFile; fileRef = E5BD22F016E9FCE800EAAEB7 /* CPConfig.m */; };
		E5BD231116E9FCE800EAAEB7 /* CPHelpers.m in Sources */ = {isa = PBXBuildFile; fileRef = E5BD22F216E9FCE800EAAEB7 /* CPHelpers.m */; };
		E5BD231216E9FCE800EAAEB7 /* CPManager.m in Sources */ = {isa = PBXBuildFile; fileRef = E5BD22F416E9FCE800EAAEB7 /* CPManager.m */; };
		E5BD231316E9FCE800EAAEB7 /* CPReplManager.m in Sources */ = {isa = PBXBuildFile; fileRef = E5BD22F616E9FCE800EAAEB7 /* CPReplManager.m */; };
		E5BD231416E9FCE800EAAEB7 /* CPDictionaryBackedObject.m in Sources */ = {isa = PBXBuildFile; fileRef = E5BD22FB16E9FCE800EAAEB7 /* CPDictionaryBackedObject.m */; };
		E5BD231516E9FCE800EAAEB7 /* CPLockfile.m in Sources */ = {isa = PBXBuildFile; fileRef = E5BD22FD16E9FCE800EAAEB7 /* CPLockfile.m */; };
		E5BD231716E9FCE800EAAEB7 /* CPPodfile.m in Sources */ = {isa = PBXBuildFile; fileRef = E5BD230116E9FCE800EAAEB7 /* CPPodfile.m */; };
		E5BD231816E9FCE800EAAEB7 /* CPSpecification.m in Sources */ = {isa = PBXBuildFile; fileRef = E5BD230316E9FCE800EAAEB7 /* CPSpecification.m */; };
		E5BD231916E9FCE800EAAEB7 /* CPTargetDefinition.m in Sources */ = {isa = PBXBuildFile; fileRef = E5BD230516E9FCE800EAAEB7 /* CPTargetDefinition.m */; };
		E5BD231A16E9FCE800EAAEB7 /* CPDependency.m in Sources */ = {isa = PBXBuildFile; fileRef = E5BD230816E9FCE800EAAEB7 /* CPDependency.m */; };
		E5BD231B16E9FCE800EAAEB7 /* CPSet.m in Sources */ = {isa = PBXBuildFile; fileRef = E5BD230A16E9FCE800EAAEB7 /* CPSet.m */; };
		E5BD231C16E9FCE800EAAEB7 /* CPVersion.m in Sources */ = {isa = PBXBuildFile; fileRef = E5BD230C16E9FCE800EAAEB7 /* CPVersion.m */; };
		E5BD232816E9FE9000EAAEB7 /* InfoPlist.strings in Resources */ = {isa = PBXBuildFile; fileRef = E5BD232516E9FE9000EAAEB7 /* InfoPlist.strings */; };
		E5BD236B16EA02EC00EAAEB7 /* WebKit.framework in Frameworks */ = {isa = PBXBuildFile; fileRef = E5BD236A16EA02EC00EAAEB7 /* WebKit.framework */; };
		E5F2BF6D16EA950A00DD505F /* CPProtoPodfile.m in Sources */ = {isa = PBXBuildFile; fileRef = E5F2BF6316EA950A00DD505F /* CPProtoPodfile.m */; };
		E5F2BF6E16EA950A00DD505F /* CPProtoSpecification.m in Sources */ = {isa = PBXBuildFile; fileRef = E5F2BF6516EA950A00DD505F /* CPProtoSpecification.m */; };
		E5F2BF6F16EA950A00DD505F /* CPProtoTargetDefinition.m in Sources */ = {isa = PBXBuildFile; fileRef = E5F2BF6716EA950A00DD505F /* CPProtoTargetDefinition.m */; };
		E5F2BF7316EBA71300DD505F /* CocoaPods-objc.podspec in Resources */ = {isa = PBXBuildFile; fileRef = E5F2BF7216EBA71300DD505F /* CocoaPods-objc.podspec */; };
/* End PBXBuildFile section */

/* Begin PBXContainerItemProxy section */
		E5BD22A616E9FAEF00EAAEB7 /* PBXContainerItemProxy */ = {
			isa = PBXContainerItemProxy;
			containerPortal = E5BD227A16E9FAEF00EAAEB7 /* Project object */;
			proxyType = 1;
			remoteGlobalIDString = E5BD228116E9FAEF00EAAEB7;
			remoteInfo = Demo;
		};
/* End PBXContainerItemProxy section */

/* Begin PBXFileReference section */
		2374E192725144269C91CCC6 /* Pods-Tests.xcconfig */ = {isa = PBXFileReference; includeInIndex = 1; lastKnownFileType = text.xcconfig; name = "Pods-Tests.xcconfig"; path = "Pods/Pods-Tests.xcconfig"; sourceTree = SOURCE_ROOT; };
		6E94770A622345658FD90068 /* libPods-Tests.a */ = {isa = PBXFileReference; explicitFileType = archive.ar; includeInIndex = 0; path = "libPods-Tests.a"; sourceTree = BUILT_PRODUCTS_DIR; };
		83E0B7F91EBD4C47BDADD662 /* Pods-Demo.xcconfig */ = {isa = PBXFileReference; includeInIndex = 1; lastKnownFileType = text.xcconfig; name = "Pods-Demo.xcconfig"; path = "Pods/Pods-Demo.xcconfig"; sourceTree = SOURCE_ROOT; };
		DC3FAED942FB46C9B89CAEBF /* libPods-Demo.a */ = {isa = PBXFileReference; explicitFileType = archive.ar; includeInIndex = 0; path = "libPods-Demo.a"; sourceTree = BUILT_PRODUCTS_DIR; };
		E5BD228216E9FAEF00EAAEB7 /* Demo.app */ = {isa = PBXFileReference; explicitFileType = wrapper.application; includeInIndex = 0; path = Demo.app; sourceTree = BUILT_PRODUCTS_DIR; };
		E5BD228516E9FAEF00EAAEB7 /* Cocoa.framework */ = {isa = PBXFileReference; lastKnownFileType = wrapper.framework; name = Cocoa.framework; path = System/Library/Frameworks/Cocoa.framework; sourceTree = SDKROOT; };
		E5BD228816E9FAEF00EAAEB7 /* AppKit.framework */ = {isa = PBXFileReference; lastKnownFileType = wrapper.framework; name = AppKit.framework; path = System/Library/Frameworks/AppKit.framework; sourceTree = SDKROOT; };
		E5BD228916E9FAEF00EAAEB7 /* CoreData.framework */ = {isa = PBXFileReference; lastKnownFileType = wrapper.framework; name = CoreData.framework; path = System/Library/Frameworks/CoreData.framework; sourceTree = SDKROOT; };
		E5BD228A16E9FAEF00EAAEB7 /* Foundation.framework */ = {isa = PBXFileReference; lastKnownFileType = wrapper.framework; name = Foundation.framework; path = System/Library/Frameworks/Foundation.framework; sourceTree = SDKROOT; };
		E5BD228D16E9FAEF00EAAEB7 /* Demo-Info.plist */ = {isa = PBXFileReference; lastKnownFileType = text.plist.xml; path = "Demo-Info.plist"; sourceTree = "<group>"; };
		E5BD228F16E9FAEF00EAAEB7 /* en */ = {isa = PBXFileReference; lastKnownFileType = text.plist.strings; name = en; path = en.lproj/InfoPlist.strings; sourceTree = "<group>"; };
		E5BD229116E9FAEF00EAAEB7 /* main.m */ = {isa = PBXFileReference; lastKnownFileType = sourcecode.c.objc; path = main.m; sourceTree = "<group>"; };
		E5BD229316E9FAEF00EAAEB7 /* Demo-Prefix.pch */ = {isa = PBXFileReference; lastKnownFileType = sourcecode.c.h; path = "Demo-Prefix.pch"; sourceTree = "<group>"; };
		E5BD229716E9FAEF00EAAEB7 /* CPAppDelegate.h */ = {isa = PBXFileReference; lastKnownFileType = sourcecode.c.h; path = CPAppDelegate.h; sourceTree = "<group>"; };
		E5BD229816E9FAEF00EAAEB7 /* CPAppDelegate.m */ = {isa = PBXFileReference; lastKnownFileType = sourcecode.c.objc; path = CPAppDelegate.m; sourceTree = "<group>"; };
		E5BD229B16E9FAEF00EAAEB7 /* en */ = {isa = PBXFileReference; lastKnownFileType = file.xib; name = en; path = en.lproj/MainMenu.xib; sourceTree = "<group>"; };
		E5BD22A216E9FAEF00EAAEB7 /* Tests.octest */ = {isa = PBXFileReference; explicitFileType = wrapper.cfbundle; includeInIndex = 0; path = Tests.octest; sourceTree = BUILT_PRODUCTS_DIR; };
		E5BD22A316E9FAEF00EAAEB7 /* SenTestingKit.framework */ = {isa = PBXFileReference; lastKnownFileType = wrapper.framework; name = SenTestingKit.framework; path = Library/Frameworks/SenTestingKit.framework; sourceTree = DEVELOPER_DIR; };
		E5BD22D116E9FCC500EAAEB7 /* CPPodfileTest.m */ = {isa = PBXFileReference; fileEncoding = 4; lastKnownFileType = sourcecode.c.objc; path = CPPodfileTest.m; sourceTree = "<group>"; };
		E5BD22D216E9FCC500EAAEB7 /* CPSetTests.m */ = {isa = PBXFileReference; fileEncoding = 4; lastKnownFileType = sourcecode.c.objc; path = CPSetTests.m; sourceTree = "<group>"; };
		E5BD22D316E9FCC500EAAEB7 /* CPSpecificationTests.m */ = {isa = PBXFileReference; fileEncoding = 4; lastKnownFileType = sourcecode.c.objc; path = CPSpecificationTests.m; sourceTree = "<group>"; };
		E5BD22D416E9FCC500EAAEB7 /* CPTargetDefinitionTests.m */ = {isa = PBXFileReference; fileEncoding = 4; lastKnownFileType = sourcecode.c.objc; path = CPTargetDefinitionTests.m; sourceTree = "<group>"; };
		E5BD22D516E9FCC500EAAEB7 /* CPTestsHelper.h */ = {isa = PBXFileReference; fileEncoding = 4; lastKnownFileType = sourcecode.c.h; path = CPTestsHelper.h; sourceTree = "<group>"; };
		E5BD22D616E9FCC500EAAEB7 /* CPTestsHelper.m */ = {isa = PBXFileReference; fileEncoding = 4; lastKnownFileType = sourcecode.c.objc; path = CPTestsHelper.m; sourceTree = "<group>"; };
		E5BD22D716E9FCC500EAAEB7 /* CPVersionTests.m */ = {isa = PBXFileReference; fileEncoding = 4; lastKnownFileType = sourcecode.c.objc; path = CPVersionTests.m; sourceTree = "<group>"; };
		E5BD22D916E9FCC500EAAEB7 /* AFNetworking.podspec.yaml */ = {isa = PBXFileReference; fileEncoding = 4; lastKnownFileType = text; path = AFNetworking.podspec.yaml; sourceTree = "<group>"; };
		E5BD22DA16E9FCC500EAAEB7 /* Podfile.yaml */ = {isa = PBXFileReference; fileEncoding = 4; lastKnownFileType = text; path = Podfile.yaml; sourceTree = "<group>"; };
		E5BD22EB16E9FCE800EAAEB7 /* CPSource.h */ = {isa = PBXFileReference; fileEncoding = 4; lastKnownFileType = sourcecode.c.h; path = CPSource.h; sourceTree = "<group>"; };
		E5BD22EC16E9FCE800EAAEB7 /* CPSource.m */ = {isa = PBXFileReference; fileEncoding = 4; lastKnownFileType = sourcecode.c.objc; path = CPSource.m; sourceTree = "<group>"; };
		E5BD22ED16E9FCE800EAAEB7 /* CPSourceAggregate.h */ = {isa = PBXFileReference; fileEncoding = 4; lastKnownFileType = sourcecode.c.h; path = CPSourceAggregate.h; sourceTree = "<group>"; };
		E5BD22EE16E9FCE800EAAEB7 /* CPSourceAggregate.m */ = {isa = PBXFileReference; fileEncoding = 4; lastKnownFileType = sourcecode.c.objc; path = CPSourceAggregate.m; sourceTree = "<group>"; };
		E5BD22EF16E9FCE800EAAEB7 /* CPConfig.h */ = {isa = PBXFileReference; fileEncoding = 4; lastKnownFileType = sourcecode.c.h; path = CPConfig.h; sourceTree = "<group>"; };
		E5BD22F016E9FCE800EAAEB7 /* CPConfig.m */ = {isa = PBXFileReference; fileEncoding = 4; lastKnownFileType = sourcecode.c.objc; path = CPConfig.m; sourceTree = "<group>"; };
		E5BD22F116E9FCE800EAAEB7 /* CPHelpers.h */ = {isa = PBXFileReference; fileEncoding = 4; lastKnownFileType = sourcecode.c.h; path = CPHelpers.h; sourceTree = "<group>"; };
		E5BD22F216E9FCE800EAAEB7 /* CPHelpers.m */ = {isa = PBXFileReference; fileEncoding = 4; lastKnownFileType = sourcecode.c.objc; path = CPHelpers.m; sourceTree = "<group>"; };
		E5BD22F316E9FCE800EAAEB7 /* CPManager.h */ = {isa = PBXFileReference; fileEncoding = 4; lastKnownFileType = sourcecode.c.h; path = CPManager.h; sourceTree = "<group>"; };
		E5BD22F416E9FCE800EAAEB7 /* CPManager.m */ = {isa = PBXFileReference; fileEncoding = 4; lastKnownFileType = sourcecode.c.objc; path = CPManager.m; sourceTree = "<group>"; };
		E5BD22F516E9FCE800EAAEB7 /* CPReplManager.h */ = {isa = PBXFileReference; fileEncoding = 4; lastKnownFileType = sourcecode.c.h; path = CPReplManager.h; sourceTree = "<group>"; };
		E5BD22F616E9FCE800EAAEB7 /* CPReplManager.m */ = {isa = PBXFileReference; fileEncoding = 4; lastKnownFileType = sourcecode.c.objc; path = CPReplManager.m; sourceTree = "<group>"; };
		E5BD22F916E9FCE800EAAEB7 /* CPDictionaryBackedObject+Private.h */ = {isa = PBXFileReference; fileEncoding = 4; lastKnownFileType = sourcecode.c.h; path = "CPDictionaryBackedObject+Private.h"; sourceTree = "<group>"; };
		E5BD22FA16E9FCE800EAAEB7 /* CPDictionaryBackedObject.h */ = {isa = PBXFileReference; fileEncoding = 4; lastKnownFileType = sourcecode.c.h; path = CPDictionaryBackedObject.h; sourceTree = "<group>"; };
		E5BD22FB16E9FCE800EAAEB7 /* CPDictionaryBackedObject.m */ = {isa = PBXFileReference; fileEncoding = 4; lastKnownFileType = sourcecode.c.objc; path = CPDictionaryBackedObject.m; sourceTree = "<group>"; };
		E5BD22FC16E9FCE800EAAEB7 /* CPLockfile.h */ = {isa = PBXFileReference; fileEncoding = 4; lastKnownFileType = sourcecode.c.h; path = CPLockfile.h; sourceTree = "<group>"; };
		E5BD22FD16E9FCE800EAAEB7 /* CPLockfile.m */ = {isa = PBXFileReference; fileEncoding = 4; lastKnownFileType = sourcecode.c.objc; path = CPLockfile.m; sourceTree = "<group>"; };
		E5BD230016E9FCE800EAAEB7 /* CPPodfile.h */ = {isa = PBXFileReference; fileEncoding = 4; lastKnownFileType = sourcecode.c.h; path = CPPodfile.h; sourceTree = "<group>"; };
		E5BD230116E9FCE800EAAEB7 /* CPPodfile.m */ = {isa = PBXFileReference; fileEncoding = 4; lastKnownFileType = sourcecode.c.objc; path = CPPodfile.m; sourceTree = "<group>"; };
		E5BD230216E9FCE800EAAEB7 /* CPSpecification.h */ = {isa = PBXFileReference; fileEncoding = 4; lastKnownFileType = sourcecode.c.h; path = CPSpecification.h; sourceTree = "<group>"; };
		E5BD230316E9FCE800EAAEB7 /* CPSpecification.m */ = {isa = PBXFileReference; fileEncoding = 4; lastKnownFileType = sourcecode.c.objc; path = CPSpecification.m; sourceTree = "<group>"; };
		E5BD230416E9FCE800EAAEB7 /* CPTargetDefinition.h */ = {isa = PBXFileReference; fileEncoding = 4; lastKnownFileType = sourcecode.c.h; path = CPTargetDefinition.h; sourceTree = "<group>"; };
		E5BD230516E9FCE800EAAEB7 /* CPTargetDefinition.m */ = {isa = PBXFileReference; fileEncoding = 4; lastKnownFileType = sourcecode.c.objc; path = CPTargetDefinition.m; sourceTree = "<group>"; };
		E5BD230716E9FCE800EAAEB7 /* CPDependency.h */ = {isa = PBXFileReference; fileEncoding = 4; lastKnownFileType = sourcecode.c.h; path = CPDependency.h; sourceTree = "<group>"; };
		E5BD230816E9FCE800EAAEB7 /* CPDependency.m */ = {isa = PBXFileReference; fileEncoding = 4; lastKnownFileType = sourcecode.c.objc; path = CPDependency.m; sourceTree = "<group>"; };
		E5BD230916E9FCE800EAAEB7 /* CPSet.h */ = {isa = PBXFileReference; fileEncoding = 4; lastKnownFileType = sourcecode.c.h; path = CPSet.h; sourceTree = "<group>"; };
		E5BD230A16E9FCE800EAAEB7 /* CPSet.m */ = {isa = PBXFileReference; fileEncoding = 4; lastKnownFileType = sourcecode.c.objc; path = CPSet.m; sourceTree = "<group>"; };
		E5BD230B16E9FCE800EAAEB7 /* CPVersion.h */ = {isa = PBXFileReference; fileEncoding = 4; lastKnownFileType = sourcecode.c.h; path = CPVersion.h; sourceTree = "<group>"; };
		E5BD230C16E9FCE800EAAEB7 /* CPVersion.m */ = {isa = PBXFileReference; fileEncoding = 4; lastKnownFileType = sourcecode.c.objc; path = CPVersion.m; sourceTree = "<group>"; };
		E5BD232616E9FE9000EAAEB7 /* en */ = {isa = PBXFileReference; lastKnownFileType = text.plist.strings; name = en; path = InfoPlist.strings; sourceTree = "<group>"; };
		E5BD232716E9FE9000EAAEB7 /* Tests-Info.plist */ = {isa = PBXFileReference; fileEncoding = 4; lastKnownFileType = text.plist.xml; name = "Tests-Info.plist"; path = "Tests/Tests-Info.plist"; sourceTree = SOURCE_ROOT; };
		E5BD236A16EA02EC00EAAEB7 /* WebKit.framework */ = {isa = PBXFileReference; lastKnownFileType = wrapper.framework; name = WebKit.framework; path = System/Library/Frameworks/WebKit.framework; sourceTree = SDKROOT; };
		E5F2BF6216EA950A00DD505F /* CPProtoPodfile.h */ = {isa = PBXFileReference; fileEncoding = 4; lastKnownFileType = sourcecode.c.h; path = CPProtoPodfile.h; sourceTree = "<group>"; };
		E5F2BF6316EA950A00DD505F /* CPProtoPodfile.m */ = {isa = PBXFileReference; fileEncoding = 4; lastKnownFileType = sourcecode.c.objc; path = CPProtoPodfile.m; sourceTree = "<group>"; };
		E5F2BF6416EA950A00DD505F /* CPProtoSpecification.h */ = {isa = PBXFileReference; fileEncoding = 4; lastKnownFileType = sourcecode.c.h; path = CPProtoSpecification.h; sourceTree = "<group>"; };
		E5F2BF6516EA950A00DD505F /* CPProtoSpecification.m */ = {isa = PBXFileReference; fileEncoding = 4; lastKnownFileType = sourcecode.c.objc; path = CPProtoSpecification.m; sourceTree = "<group>"; };
		E5F2BF6616EA950A00DD505F /* CPProtoTargetDefinition.h */ = {isa = PBXFileReference; fileEncoding = 4; lastKnownFileType = sourcecode.c.h; path = CPProtoTargetDefinition.h; sourceTree = "<group>"; };
		E5F2BF6716EA950A00DD505F /* CPProtoTargetDefinition.m */ = {isa = PBXFileReference; fileEncoding = 4; lastKnownFileType = sourcecode.c.objc; path = CPProtoTargetDefinition.m; sourceTree = "<group>"; };
		E5F2BF7216EBA71300DD505F /* CocoaPods-objc.podspec */ = {isa = PBXFileReference; fileEncoding = 4; lastKnownFileType = text; name = "CocoaPods-objc.podspec"; path = "../CocoaPods-objc.podspec"; sourceTree = "<group>"; };
/* End PBXFileReference section */

/* Begin PBXFrameworksBuildPhase section */
		E5BD227F16E9FAEF00EAAEB7 /* Frameworks */ = {
			isa = PBXFrameworksBuildPhase;
			buildActionMask = 2147483647;
			files = (
				E5BD236B16EA02EC00EAAEB7 /* WebKit.framework in Frameworks */,
				E5BD228616E9FAEF00EAAEB7 /* Cocoa.framework in Frameworks */,
				DAC38F23E6C84961AC983409 /* libPods-Demo.a in Frameworks */,
			);
			runOnlyForDeploymentPostprocessing = 0;
		};
		E5BD229E16E9FAEF00EAAEB7 /* Frameworks */ = {
			isa = PBXFrameworksBuildPhase;
			buildActionMask = 2147483647;
			files = (
				E5BD22A416E9FAEF00EAAEB7 /* SenTestingKit.framework in Frameworks */,
				E5BD22A516E9FAEF00EAAEB7 /* Cocoa.framework in Frameworks */,
				6CCF7EBB949548918C0BFFA8 /* libPods-Tests.a in Frameworks */,
			);
			runOnlyForDeploymentPostprocessing = 0;
		};
/* End PBXFrameworksBuildPhase section */

/* Begin PBXGroup section */
		E5BD227916E9FAEF00EAAEB7 = {
			isa = PBXGroup;
			children = (
				E5F2BF7216EBA71300DD505F /* CocoaPods-objc.podspec */,
				E5BD22E916E9FCE800EAAEB7 /* Classes */,
				E5BD228B16E9FAEF00EAAEB7 /* Demo */,
				E5BD22D016E9FCC500EAAEB7 /* Tests */,
				E5BD232316E9FE4200EAAEB7 /* Support */,
				83E0B7F91EBD4C47BDADD662 /* Pods-Demo.xcconfig */,
				2374E192725144269C91CCC6 /* Pods-Tests.xcconfig */,
			);
			sourceTree = "<group>";
		};
		E5BD228316E9FAEF00EAAEB7 /* Products */ = {
			isa = PBXGroup;
			children = (
				E5BD228216E9FAEF00EAAEB7 /* Demo.app */,
				E5BD22A216E9FAEF00EAAEB7 /* Tests.octest */,
			);
			name = Products;
			sourceTree = "<group>";
		};
		E5BD228416E9FAEF00EAAEB7 /* Frameworks */ = {
			isa = PBXGroup;
			children = (
				E5BD236A16EA02EC00EAAEB7 /* WebKit.framework */,
				E5BD228516E9FAEF00EAAEB7 /* Cocoa.framework */,
				E5BD22A316E9FAEF00EAAEB7 /* SenTestingKit.framework */,
				E5BD228716E9FAEF00EAAEB7 /* Other Frameworks */,
				DC3FAED942FB46C9B89CAEBF /* libPods-Demo.a */,
				6E94770A622345658FD90068 /* libPods-Tests.a */,
			);
			name = Frameworks;
			sourceTree = "<group>";
		};
		E5BD228716E9FAEF00EAAEB7 /* Other Frameworks */ = {
			isa = PBXGroup;
			children = (
				E5BD228816E9FAEF00EAAEB7 /* AppKit.framework */,
				E5BD228916E9FAEF00EAAEB7 /* CoreData.framework */,
				E5BD228A16E9FAEF00EAAEB7 /* Foundation.framework */,
			);
			name = "Other Frameworks";
			sourceTree = "<group>";
		};
		E5BD228B16E9FAEF00EAAEB7 /* Demo */ = {
			isa = PBXGroup;
			children = (
				E5BD229716E9FAEF00EAAEB7 /* CPAppDelegate.h */,
				E5BD229816E9FAEF00EAAEB7 /* CPAppDelegate.m */,
				E5BD229A16E9FAEF00EAAEB7 /* MainMenu.xib */,
			);
			path = Demo;
			sourceTree = "<group>";
		};
		E5BD228C16E9FAEF00EAAEB7 /* Demo Supporting Files */ = {
			isa = PBXGroup;
			children = (
				E5BD228D16E9FAEF00EAAEB7 /* Demo-Info.plist */,
				E5BD228E16E9FAEF00EAAEB7 /* InfoPlist.strings */,
				E5BD229116E9FAEF00EAAEB7 /* main.m */,
				E5BD229316E9FAEF00EAAEB7 /* Demo-Prefix.pch */,
			);
			name = "Demo Supporting Files";
			path = Demo;
			sourceTree = "<group>";
		};
		E5BD22D016E9FCC500EAAEB7 /* Tests */ = {
			isa = PBXGroup;
			children = (
				E5BD22D516E9FCC500EAAEB7 /* CPTestsHelper.h */,
				E5BD22D116E9FCC500EAAEB7 /* CPPodfileTest.m */,
				E5BD22D216E9FCC500EAAEB7 /* CPSetTests.m */,
				E5BD22D316E9FCC500EAAEB7 /* CPSpecificationTests.m */,
				E5BD22D416E9FCC500EAAEB7 /* CPTargetDefinitionTests.m */,
				E5BD22D616E9FCC500EAAEB7 /* CPTestsHelper.m */,
				E5BD22D716E9FCC500EAAEB7 /* CPVersionTests.m */,
				E5BD22D816E9FCC500EAAEB7 /* Fixtures */,
			);
			name = Tests;
			path = ../Tests;
			sourceTree = "<group>";
		};
		E5BD22D816E9FCC500EAAEB7 /* Fixtures */ = {
			isa = PBXGroup;
			children = (
				E5BD22D916E9FCC500EAAEB7 /* AFNetworking.podspec.yaml */,
				E5BD22DA16E9FCC500EAAEB7 /* Podfile.yaml */,
			);
			path = Fixtures;
			sourceTree = "<group>";
		};
		E5BD22E916E9FCE800EAAEB7 /* Classes */ = {
			isa = PBXGroup;
			children = (
				E5BD22F716E9FCE800EAAEB7 /* Models */,
				E5BD22EA16E9FCE800EAAEB7 /* Controllers */,
				E5BD22EF16E9FCE800EAAEB7 /* CPConfig.h */,
				E5BD22F016E9FCE800EAAEB7 /* CPConfig.m */,
				E5BD22F116E9FCE800EAAEB7 /* CPHelpers.h */,
				E5BD22F216E9FCE800EAAEB7 /* CPHelpers.m */,
				E5BD22F316E9FCE800EAAEB7 /* CPManager.h */,
				E5BD22F416E9FCE800EAAEB7 /* CPManager.m */,
				E5BD22F516E9FCE800EAAEB7 /* CPReplManager.h */,
				E5BD22F616E9FCE800EAAEB7 /* CPReplManager.m */,
				E5BD230D16E9FCE800EAAEB7 /* Views */,
			);
			name = Classes;
			path = ../Classes;
			sourceTree = "<group>";
		};
		E5BD22EA16E9FCE800EAAEB7 /* Controllers */ = {
			isa = PBXGroup;
			children = (
				E5BD22EB16E9FCE800EAAEB7 /* CPSource.h */,
				E5BD22EC16E9FCE800EAAEB7 /* CPSource.m */,
				E5BD22ED16E9FCE800EAAEB7 /* CPSourceAggregate.h */,
				E5BD22EE16E9FCE800EAAEB7 /* CPSourceAggregate.m */,
			);
			path = Controllers;
			sourceTree = "<group>";
		};
		E5BD22F716E9FCE800EAAEB7 /* Models */ = {
			isa = PBXGroup;
			children = (
				E5BD22F816E9FCE800EAAEB7 /* Basic Models */,
				E5BD230616E9FCE800EAAEB7 /* Support Models */,
				E5F2BF5F16EA950A00DD505F /* Generated */,
			);
			path = Models;
			sourceTree = "<group>";
		};
		E5BD22F816E9FCE800EAAEB7 /* Basic Models */ = {
			isa = PBXGroup;
			children = (
				E5BD22F916E9FCE800EAAEB7 /* CPDictionaryBackedObject+Private.h */,
				E5BD22FA16E9FCE800EAAEB7 /* CPDictionaryBackedObject.h */,
				E5BD22FB16E9FCE800EAAEB7 /* CPDictionaryBackedObject.m */,
				E5BD22FC16E9FCE800EAAEB7 /* CPLockfile.h */,
				E5BD22FD16E9FCE800EAAEB7 /* CPLockfile.m */,
				E5BD230016E9FCE800EAAEB7 /* CPPodfile.h */,
				E5BD230116E9FCE800EAAEB7 /* CPPodfile.m */,
				E5BD230416E9FCE800EAAEB7 /* CPTargetDefinition.h */,
				E5BD230516E9FCE800EAAEB7 /* CPTargetDefinition.m */,
				E5BD230216E9FCE800EAAEB7 /* CPSpecification.h */,
				E5BD230316E9FCE800EAAEB7 /* CPSpecification.m */,
			);
			path = "Basic Models";
			sourceTree = "<group>";
		};
		E5BD230616E9FCE800EAAEB7 /* Support Models */ = {
			isa = PBXGroup;
			children = (
				E5BD230716E9FCE800EAAEB7 /* CPDependency.h */,
				E5BD230816E9FCE800EAAEB7 /* CPDependency.m */,
				E5BD230916E9FCE800EAAEB7 /* CPSet.h */,
				E5BD230A16E9FCE800EAAEB7 /* CPSet.m */,
				E5BD230B16E9FCE800EAAEB7 /* CPVersion.h */,
				E5BD230C16E9FCE800EAAEB7 /* CPVersion.m */,
			);
			path = "Support Models";
			sourceTree = "<group>";
		};
		E5BD230D16E9FCE800EAAEB7 /* Views */ = {
			isa = PBXGroup;
			children = (
			);
			path = Views;
			sourceTree = "<group>";
		};
		E5BD231D16E9FDFB00EAAEB7 /* Test Supporting Files */ = {
			isa = PBXGroup;
			children = (
				E5BD232416E9FE9000EAAEB7 /* en.lproj */,
				E5BD232716E9FE9000EAAEB7 /* Tests-Info.plist */,
			);
			name = "Test Supporting Files";
			path = "Tests/Supporting Files";
			sourceTree = SOURCE_ROOT;
		};
		E5BD232316E9FE4200EAAEB7 /* Support */ = {
			isa = PBXGroup;
			children = (
				E5BD228C16E9FAEF00EAAEB7 /* Demo Supporting Files */,
				E5BD231D16E9FDFB00EAAEB7 /* Test Supporting Files */,
				E5BD228416E9FAEF00EAAEB7 /* Frameworks */,
				E5BD228316E9FAEF00EAAEB7 /* Products */,
			);
			name = Support;
			sourceTree = "<group>";
		};
		E5BD232416E9FE9000EAAEB7 /* en.lproj */ = {
			isa = PBXGroup;
			children = (
				E5BD232516E9FE9000EAAEB7 /* InfoPlist.strings */,
			);
			name = en.lproj;
			path = Tests/en.lproj;
			sourceTree = SOURCE_ROOT;
		};
		E5F2BF5F16EA950A00DD505F /* Generated */ = {
			isa = PBXGroup;
			children = (
				E5F2BF6216EA950A00DD505F /* CPProtoPodfile.h */,
				E5F2BF6316EA950A00DD505F /* CPProtoPodfile.m */,
				E5F2BF6416EA950A00DD505F /* CPProtoSpecification.h */,
				E5F2BF6516EA950A00DD505F /* CPProtoSpecification.m */,
				E5F2BF6616EA950A00DD505F /* CPProtoTargetDefinition.h */,
				E5F2BF6716EA950A00DD505F /* CPProtoTargetDefinition.m */,
			);
			name = Generated;
			path = "Basic Models/Generated";
			sourceTree = "<group>";
		};
/* End PBXGroup section */

/* Begin PBXNativeTarget section */
		E5BD228116E9FAEF00EAAEB7 /* Demo */ = {
			isa = PBXNativeTarget;
			buildConfigurationList = E5BD22B316E9FAEF00EAAEB7 /* Build configuration list for PBXNativeTarget "Demo" */;
			buildPhases = (
				E5BD227E16E9FAEF00EAAEB7 /* Sources */,
				E5BD227F16E9FAEF00EAAEB7 /* Frameworks */,
				E5BD228016E9FAEF00EAAEB7 /* Resources */,
				0E1A22D22B4444F3AC9C769C /* Copy Pods Resources */,
			);
			buildRules = (
			);
			dependencies = (
			);
			name = Demo;
			productName = Demo;
			productReference = E5BD228216E9FAEF00EAAEB7 /* Demo.app */;
			productType = "com.apple.product-type.application";
		};
		E5BD22A116E9FAEF00EAAEB7 /* Tests */ = {
			isa = PBXNativeTarget;
			buildConfigurationList = E5BD22B616E9FAEF00EAAEB7 /* Build configuration list for PBXNativeTarget "Tests" */;
			buildPhases = (
				E5BD229D16E9FAEF00EAAEB7 /* Sources */,
				E5BD229E16E9FAEF00EAAEB7 /* Frameworks */,
				E5BD229F16E9FAEF00EAAEB7 /* Resources */,
				E5BD22A016E9FAEF00EAAEB7 /* ShellScript */,
				E2D06EE1269F44AD972354D3 /* Copy Pods Resources */,
			);
			buildRules = (
			);
			dependencies = (
				E5BD22A716E9FAEF00EAAEB7 /* PBXTargetDependency */,
			);
			name = Tests;
			productName = DemoTests;
			productReference = E5BD22A216E9FAEF00EAAEB7 /* Tests.octest */;
			productType = "com.apple.product-type.bundle";
		};
/* End PBXNativeTarget section */

/* Begin PBXProject section */
		E5BD227A16E9FAEF00EAAEB7 /* Project object */ = {
			isa = PBXProject;
			attributes = {
				CLASSPREFIX = CP;
				LastUpgradeCheck = 0460;
				ORGANIZATIONNAME = CocoaPods;
			};
			buildConfigurationList = E5BD227D16E9FAEF00EAAEB7 /* Build configuration list for PBXProject "CocoaPods-objc" */;
			compatibilityVersion = "Xcode 3.2";
			developmentRegion = English;
			hasScannedForEncodings = 0;
			knownRegions = (
				en,
			);
			mainGroup = E5BD227916E9FAEF00EAAEB7;
			productRefGroup = E5BD228316E9FAEF00EAAEB7 /* Products */;
			projectDirPath = "";
			projectRoot = "";
			targets = (
				E5BD228116E9FAEF00EAAEB7 /* Demo */,
				E5BD22A116E9FAEF00EAAEB7 /* Tests */,
			);
		};
/* End PBXProject section */

/* Begin PBXResourcesBuildPhase section */
		E5BD228016E9FAEF00EAAEB7 /* Resources */ = {
			isa = PBXResourcesBuildPhase;
			buildActionMask = 2147483647;
			files = (
				E5BD229016E9FAEF00EAAEB7 /* InfoPlist.strings in Resources */,
				E5BD229C16E9FAEF00EAAEB7 /* MainMenu.xib in Resources */,
				E5F2BF7316EBA71300DD505F /* CocoaPods-objc.podspec in Resources */,
			);
			runOnlyForDeploymentPostprocessing = 0;
		};
		E5BD229F16E9FAEF00EAAEB7 /* Resources */ = {
			isa = PBXResourcesBuildPhase;
			buildActionMask = 2147483647;
			files = (
				E5BD22E516E9FCC500EAAEB7 /* AFNetworking.podspec.yaml in Resources */,
				E5BD22E616E9FCC500EAAEB7 /* Podfile.yaml in Resources */,
				E5BD232816E9FE9000EAAEB7 /* InfoPlist.strings in Resources */,
			);
			runOnlyForDeploymentPostprocessing = 0;
		};
/* End PBXResourcesBuildPhase section */

/* Begin PBXShellScriptBuildPhase section */
		0E1A22D22B4444F3AC9C769C /* Copy Pods Resources */ = {
			isa = PBXShellScriptBuildPhase;
			buildActionMask = 2147483647;
			files = (
			);
			inputPaths = (
			);
			name = "Copy Pods Resources";
			outputPaths = (
			);
			runOnlyForDeploymentPostprocessing = 0;
			shellPath = /bin/sh;
			shellScript = "\"${SRCROOT}/Pods/Pods-Demo-resources.sh\"\n";
		};
		E2D06EE1269F44AD972354D3 /* Copy Pods Resources */ = {
			isa = PBXShellScriptBuildPhase;
			buildActionMask = 2147483647;
			files = (
			);
			inputPaths = (
			);
			name = "Copy Pods Resources";
			outputPaths = (
			);
			runOnlyForDeploymentPostprocessing = 0;
			shellPath = /bin/sh;
			shellScript = "\"${SRCROOT}/Pods/Pods-Tests-resources.sh\"\n";
		};
		E5BD22A016E9FAEF00EAAEB7 /* ShellScript */ = {
			isa = PBXShellScriptBuildPhase;
			buildActionMask = 2147483647;
			files = (
			);
			inputPaths = (
			);
			outputPaths = (
			);
			runOnlyForDeploymentPostprocessing = 0;
			shellPath = /bin/sh;
			shellScript = "# Run the unit tests in this test bundle.\n\"${SYSTEM_DEVELOPER_DIR}/Tools/RunUnitTests\"\n";
		};
/* End PBXShellScriptBuildPhase section */

/* Begin PBXSourcesBuildPhase section */
		E5BD227E16E9FAEF00EAAEB7 /* Sources */ = {
			isa = PBXSourcesBuildPhase;
			buildActionMask = 2147483647;
			files = (
				E5BD229216E9FAEF00EAAEB7 /* main.m in Sources */,
				E5BD229916E9FAEF00EAAEB7 /* CPAppDelegate.m in Sources */,
				E5BD230E16E9FCE800EAAEB7 /* CPSource.m in Sources */,
				E5BD230F16E9FCE800EAAEB7 /* CPSourceAggregate.m in Sources */,
				E5BD231016E9FCE800EAAEB7 /* CPConfig.m in Sources */,
				E5BD231116E9FCE800EAAEB7 /* CPHelpers.m in Sources */,
				E5BD231216E9FCE800EAAEB7 /* CPManager.m in Sources */,
				E5BD231316E9FCE800EAAEB7 /* CPReplManager.m in Sources */,
				E5BD231416E9FCE800EAAEB7 /* CPDictionaryBackedObject.m in Sources */,
				E5BD231516E9FCE800EAAEB7 /* CPLockfile.m in Sources */,
				E5BD231716E9FCE800EAAEB7 /* CPPodfile.m in Sources */,
				E5BD231816E9FCE800EAAEB7 /* CPSpecification.m in Sources */,
				E5BD231916E9FCE800EAAEB7 /* CPTargetDefinition.m in Sources */,
				E5BD231A16E9FCE800EAAEB7 /* CPDependency.m in Sources */,
				E5BD231B16E9FCE800EAAEB7 /* CPSet.m in Sources */,
				E5BD231C16E9FCE800EAAEB7 /* CPVersion.m in Sources */,
				E5F2BF6D16EA950A00DD505F /* CPProtoPodfile.m in Sources */,
				E5F2BF6E16EA950A00DD505F /* CPProtoSpecification.m in Sources */,
				E5F2BF6F16EA950A00DD505F /* CPProtoTargetDefinition.m in Sources */,
			);
			runOnlyForDeploymentPostprocessing = 0;
		};
		E5BD229D16E9FAEF00EAAEB7 /* Sources */ = {
			isa = PBXSourcesBuildPhase;
			buildActionMask = 2147483647;
			files = (
				E5BD22DF16E9FCC500EAAEB7 /* CPPodfileTest.m in Sources */,
				E5BD22E016E9FCC500EAAEB7 /* CPSetTests.m in Sources */,
				E5BD22E116E9FCC500EAAEB7 /* CPSpecificationTests.m in Sources */,
				E5BD22E216E9FCC500EAAEB7 /* CPTargetDefinitionTests.m in Sources */,
				E5BD22E316E9FCC500EAAEB7 /* CPTestsHelper.m in Sources */,
				E5BD22E416E9FCC500EAAEB7 /* CPVersionTests.m in Sources */,
			);
			runOnlyForDeploymentPostprocessing = 0;
		};
/* End PBXSourcesBuildPhase section */

/* Begin PBXTargetDependency section */
		E5BD22A716E9FAEF00EAAEB7 /* PBXTargetDependency */ = {
			isa = PBXTargetDependency;
			target = E5BD228116E9FAEF00EAAEB7 /* Demo */;
			targetProxy = E5BD22A616E9FAEF00EAAEB7 /* PBXContainerItemProxy */;
		};
/* End PBXTargetDependency section */

/* Begin PBXVariantGroup section */
		E5BD228E16E9FAEF00EAAEB7 /* InfoPlist.strings */ = {
			isa = PBXVariantGroup;
			children = (
				E5BD228F16E9FAEF00EAAEB7 /* en */,
			);
			name = InfoPlist.strings;
			sourceTree = "<group>";
		};
		E5BD229A16E9FAEF00EAAEB7 /* MainMenu.xib */ = {
			isa = PBXVariantGroup;
			children = (
				E5BD229B16E9FAEF00EAAEB7 /* en */,
			);
			name = MainMenu.xib;
			sourceTree = "<group>";
		};
		E5BD232516E9FE9000EAAEB7 /* InfoPlist.strings */ = {
			isa = PBXVariantGroup;
			children = (
				E5BD232616E9FE9000EAAEB7 /* en */,
			);
			name = InfoPlist.strings;
			sourceTree = "<group>";
		};
/* End PBXVariantGroup section */

/* Begin XCBuildConfiguration section */
		E5BD22B116E9FAEF00EAAEB7 /* Debug */ = {
			isa = XCBuildConfiguration;
			buildSettings = {
				ALWAYS_SEARCH_USER_PATHS = NO;
				ARCHS = "$(ARCHS_STANDARD_64_BIT)";
				CLANG_CXX_LANGUAGE_STANDARD = "gnu++0x";
				CLANG_CXX_LIBRARY = "libc++";
				CLANG_ENABLE_OBJC_ARC = YES;
				CLANG_WARN_CONSTANT_CONVERSION = YES;
				CLANG_WARN_EMPTY_BODY = YES;
				CLANG_WARN_ENUM_CONVERSION = YES;
				CLANG_WARN_INT_CONVERSION = YES;
				CLANG_WARN__DUPLICATE_METHOD_MATCH = YES;
				COPY_PHASE_STRIP = NO;
				GCC_C_LANGUAGE_STANDARD = gnu99;
				GCC_DYNAMIC_NO_PIC = NO;
				GCC_ENABLE_OBJC_EXCEPTIONS = YES;
				GCC_OPTIMIZATION_LEVEL = 0;
				GCC_PREPROCESSOR_DEFINITIONS = (
					"DEBUG=1",
					"$(inherited)",
				);
				GCC_SYMBOLS_PRIVATE_EXTERN = NO;
				GCC_WARN_64_TO_32_BIT_CONVERSION = YES;
				GCC_WARN_ABOUT_RETURN_TYPE = YES;
				GCC_WARN_UNINITIALIZED_AUTOS = YES;
				GCC_WARN_UNUSED_VARIABLE = YES;
				MACOSX_DEPLOYMENT_TARGET = 10.8;
				ONLY_ACTIVE_ARCH = YES;
				SDKROOT = macosx;
			};
			name = Debug;
		};
		E5BD22B216E9FAEF00EAAEB7 /* Release */ = {
			isa = XCBuildConfiguration;
			buildSettings = {
				ALWAYS_SEARCH_USER_PATHS = NO;
				ARCHS = "$(ARCHS_STANDARD_64_BIT)";
				CLANG_CXX_LANGUAGE_STANDARD = "gnu++0x";
				CLANG_CXX_LIBRARY = "libc++";
				CLANG_ENABLE_OBJC_ARC = YES;
				CLANG_WARN_CONSTANT_CONVERSION = YES;
				CLANG_WARN_EMPTY_BODY = YES;
				CLANG_WARN_ENUM_CONVERSION = YES;
				CLANG_WARN_INT_CONVERSION = YES;
				CLANG_WARN__DUPLICATE_METHOD_MATCH = YES;
				COPY_PHASE_STRIP = YES;
				DEBUG_INFORMATION_FORMAT = "dwarf-with-dsym";
				GCC_C_LANGUAGE_STANDARD = gnu99;
				GCC_ENABLE_OBJC_EXCEPTIONS = YES;
				GCC_WARN_64_TO_32_BIT_CONVERSION = YES;
				GCC_WARN_ABOUT_RETURN_TYPE = YES;
				GCC_WARN_UNINITIALIZED_AUTOS = YES;
				GCC_WARN_UNUSED_VARIABLE = YES;
				MACOSX_DEPLOYMENT_TARGET = 10.8;
				SDKROOT = macosx;
			};
			name = Release;
		};
		E5BD22B416E9FAEF00EAAEB7 /* Debug */ = {
			isa = XCBuildConfiguration;
			baseConfigurationReference = 83E0B7F91EBD4C47BDADD662 /* Pods-Demo.xcconfig */;
			buildSettings = {
				COMBINE_HIDPI_IMAGES = YES;
				GCC_PRECOMPILE_PREFIX_HEADER = YES;
				GCC_PREFIX_HEADER = "Demo/Demo-Prefix.pch";
				INFOPLIST_FILE = "Demo/Demo-Info.plist";
				PRODUCT_NAME = "$(TARGET_NAME)";
				WRAPPER_EXTENSION = app;
			};
			name = Debug;
		};
		E5BD22B516E9FAEF00EAAEB7 /* Release */ = {
			isa = XCBuildConfiguration;
			baseConfigurationReference = 83E0B7F91EBD4C47BDADD662 /* Pods-Demo.xcconfig */;
			buildSettings = {
				COMBINE_HIDPI_IMAGES = YES;
				GCC_PRECOMPILE_PREFIX_HEADER = YES;
				GCC_PREFIX_HEADER = "Demo/Demo-Prefix.pch";
				INFOPLIST_FILE = "Demo/Demo-Info.plist";
				PRODUCT_NAME = "$(TARGET_NAME)";
				WRAPPER_EXTENSION = app;
			};
			name = Release;
		};
		E5BD22B716E9FAEF00EAAEB7 /* Debug */ = {
			isa = XCBuildConfiguration;
			baseConfigurationReference = 2374E192725144269C91CCC6 /* Pods-Tests.xcconfig */;
			buildSettings = {
				BUNDLE_LOADER = "$(BUILT_PRODUCTS_DIR)/Demo.app/Contents/MacOS/Demo";
				COMBINE_HIDPI_IMAGES = YES;
				FRAMEWORK_SEARCH_PATHS = "\"$(DEVELOPER_LIBRARY_DIR)/Frameworks\"";
				GCC_PRECOMPILE_PREFIX_HEADER = YES;
				GCC_PREFIX_HEADER = "Demo/Demo-Prefix.pch";
				INFOPLIST_FILE = "Tests/Tests-Info.plist";
				PRODUCT_NAME = "$(TARGET_NAME)";
				TEST_HOST = "$(BUNDLE_LOADER)";
				WRAPPER_EXTENSION = octest;
			};
			name = Debug;
		};
		E5BD22B816E9FAEF00EAAEB7 /* Release */ = {
			isa = XCBuildConfiguration;
			baseConfigurationReference = 2374E192725144269C91CCC6 /* Pods-Tests.xcconfig */;
			buildSettings = {
				BUNDLE_LOADER = "$(BUILT_PRODUCTS_DIR)/Demo.app/Contents/MacOS/Demo";
				COMBINE_HIDPI_IMAGES = YES;
				FRAMEWORK_SEARCH_PATHS = "\"$(DEVELOPER_LIBRARY_DIR)/Frameworks\"";
				GCC_PRECOMPILE_PREFIX_HEADER = YES;
				GCC_PREFIX_HEADER = "Demo/Demo-Prefix.pch";
				INFOPLIST_FILE = "Tests/Tests-Info.plist";
				PRODUCT_NAME = "$(TARGET_NAME)";
				TEST_HOST = "$(BUNDLE_LOADER)";
				WRAPPER_EXTENSION = octest;
			};
			name = Release;
		};
/* End XCBuildConfiguration section */

/* Begin XCConfigurationList section */
		E5BD227D16E9FAEF00EAAEB7 /* Build configuration list for PBXProject "CocoaPods-objc" */ = {
			isa = XCConfigurationList;
			buildConfigurations = (
				E5BD22B116E9FAEF00EAAEB7 /* Debug */,
				E5BD22B216E9FAEF00EAAEB7 /* Release */,
			);
			defaultConfigurationIsVisible = 0;
			defaultConfigurationName = Release;
		};
		E5BD22B316E9FAEF00EAAEB7 /* Build configuration list for PBXNativeTarget "Demo" */ = {
			isa = XCConfigurationList;
			buildConfigurations = (
				E5BD22B416E9FAEF00EAAEB7 /* Debug */,
				E5BD22B516E9FAEF00EAAEB7 /* Release */,
			);
			defaultConfigurationIsVisible = 0;
			defaultConfigurationName = Release;
		};
		E5BD22B616E9FAEF00EAAEB7 /* Build configuration list for PBXNativeTarget "Tests" */ = {
			isa = XCConfigurationList;
			buildConfigurations = (
				E5BD22B716E9FAEF00EAAEB7 /* Debug */,
				E5BD22B816E9FAEF00EAAEB7 /* Release */,
			);
			defaultConfigurationIsVisible = 0;
			defaultConfigurationName = Release;
		};
/* End XCConfigurationList section */
	};
	rootObject = E5BD227A16E9FAEF00EAAEB7 /* Project object */;
}
